
Microsoft Visual Studio Solution File, Format Version 12.00
# Visual Studio 15
Project("{FAE04EC0-301F-11D3-BF4B-00C04F79EFBC}") = "GenericEditor", "GenericEditor.csproj", "{7000AFB6-5435-CE25-0514-F04BE48B7B95}"
EndProject
Project("{FAE04EC0-301F-11D3-BF4B-00C04F79EFBC}") = "Assembly-CSharp", "Assembly-CSharp.csproj", "{9BD4F043-DA26-5E09-25D3-B59047FC4BEF}"
EndProject
Project("{FAE04EC0-301F-11D3-BF4B-00C04F79EFBC}") = "Assembly-CSharp-Editor", "Assembly-CSharp-Editor.csproj", "{938D7ED7-04A6-6A90-D8FC-9906828D0F53}"
EndProject
Global
	GlobalSection(SolutionConfigurationPlatforms) = preSolution
		Debug|Any CPU = Debug|Any CPU
		Release|Any CPU = Release|Any CPU
	EndGlobalSection
	GlobalSection(ProjectConfigurationPlatforms) = postSolution
		{7000AFB6-5435-CE25-0514-F04BE48B7B95}.Debug|Any CPU.ActiveCfg = Debug|Any CPU
		{7000AFB6-5435-CE25-0514-F04BE48B7B95}.Debug|Any CPU.Build.0 = Debug|Any CPU
		{7000AFB6-5435-CE25-0514-F04BE48B7B95}.Release|Any CPU.ActiveCfg = Release|Any CPU
		{7000AFB6-5435-CE25-0514-F04BE48B7B95}.Release|Any CPU.Build.0 = Release|Any CPU
		{9BD4F043-DA26-5E09-25D3-B59047FC4BEF}.Debug|Any CPU.ActiveCfg = Debug|Any CPU
		{9BD4F043-DA26-5E09-25D3-B59047FC4BEF}.Debug|Any CPU.Build.0 = Debug|Any CPU
		{9BD4F043-DA26-5E09-25D3-B59047FC4BEF}.Release|Any CPU.ActiveCfg = Release|Any CPU
		{9BD4F043-DA26-5E09-25D3-B59047FC4BEF}.Release|Any CPU.Build.0 = Release|Any CPU
		{938D7ED7-04A6-6A90-D8FC-9906828D0F53}.Debug|Any CPU.ActiveCfg = Debug|Any CPU
		{938D7ED7-04A6-6A90-D8FC-9906828D0F53}.Debug|Any CPU.Build.0 = Debug|Any CPU
		{938D7ED7-04A6-6A90-D8FC-9906828D0F53}.Release|Any CPU.ActiveCfg = Release|Any CPU
		{938D7ED7-04A6-6A90-D8FC-9906828D0F53}.Release|Any CPU.Build.0 = Release|Any CPU
	EndGlobalSection
	GlobalSection(SolutionProperties) = preSolution
		HideSolutionNode = FALSE
	EndGlobalSection
EndGlobal
